// !$*UTF8*$!
{
	archiveVersion = 1;
	classes = {
	};
	objectVersion = 55;
	objects = {

/* Begin PBXBuildFile section */
		500988C82787D03A001E5008 /* SSToastMessage in Frameworks */ = {isa = PBXBuildFile; productRef = 500988C72787D03A001E5008 /* SSToastMessage */; };
		50811AA02789110B00120935 /* SmallCardIdeas.swift in Sources */ = {isa = PBXBuildFile; fileRef = 50811A9F2789110B00120935 /* SmallCardIdeas.swift */; };
		50811AA22789147C00120935 /* DeletedCard.swift in Sources */ = {isa = PBXBuildFile; fileRef = 50811AA12789147C00120935 /* DeletedCard.swift */; };
		50811AA42789186D00120935 /* AddedCard.swift in Sources */ = {isa = PBXBuildFile; fileRef = 50811AA32789186D00120935 /* AddedCard.swift */; };
		50B7D73A278399000027B0C2 /* SmallCardTodo.swift in Sources */ = {isa = PBXBuildFile; fileRef = 50B7D739278399000027B0C2 /* SmallCardTodo.swift */; };
		50B7D73C2785156C0027B0C2 /* TodoVM.swift in Sources */ = {isa = PBXBuildFile; fileRef = 50B7D73B2785156B0027B0C2 /* TodoVM.swift */; };
		50B7D73F2785159F0027B0C2 /* CoreData.xcdatamodeld in Sources */ = {isa = PBXBuildFile; fileRef = 50B7D73D2785159E0027B0C2 /* CoreData.xcdatamodeld */; };
		50B7D74127851B630027B0C2 /* AddTodoView.swift in Sources */ = {isa = PBXBuildFile; fileRef = 50B7D74027851B630027B0C2 /* AddTodoView.swift */; };
		50B7D74327851B730027B0C2 /* AddIdeasView.swift in Sources */ = {isa = PBXBuildFile; fileRef = 50B7D74227851B730027B0C2 /* AddIdeasView.swift */; };
		50F2DEA22780EA9B001F990B /* PortfolioApp.swift in Sources */ = {isa = PBXBuildFile; fileRef = 50F2DEA12780EA9B001F990B /* PortfolioApp.swift */; };
		50F2DEA42780EA9B001F990B /* ContentView.swift in Sources */ = {isa = PBXBuildFile; fileRef = 50F2DEA32780EA9B001F990B /* ContentView.swift */; };
		50F2DEA62780EAA8001F990B /* Assets.xcassets in Resources */ = {isa = PBXBuildFile; fileRef = 50F2DEA52780EAA8001F990B /* Assets.xcassets */; };
		50F2DEA92780EAA8001F990B /* Preview Assets.xcassets in Resources */ = {isa = PBXBuildFile; fileRef = 50F2DEA82780EAA8001F990B /* Preview Assets.xcassets */; };
		50F2DEB02780EEA2001F990B /* HomeView.swift in Sources */ = {isa = PBXBuildFile; fileRef = 50F2DEAF2780EEA2001F990B /* HomeView.swift */; };
		50F2DEB32780FB47001F990B /* ButtonView.swift in Sources */ = {isa = PBXBuildFile; fileRef = 50F2DEB22780FB47001F990B /* ButtonView.swift */; };
/* End PBXBuildFile section */

/* Begin PBXFileReference section */
		50811A9F2789110B00120935 /* SmallCardIdeas.swift */ = {isa = PBXFileReference; lastKnownFileType = sourcecode.swift; path = SmallCardIdeas.swift; sourceTree = "<group>"; };
		50811AA12789147C00120935 /* DeletedCard.swift */ = {isa = PBXFileReference; lastKnownFileType = sourcecode.swift; path = DeletedCard.swift; sourceTree = "<group>"; };
		50811AA32789186D00120935 /* AddedCard.swift */ = {isa = PBXFileReference; lastKnownFileType = sourcecode.swift; path = AddedCard.swift; sourceTree = "<group>"; };
		50B7D739278399000027B0C2 /* SmallCardTodo.swift */ = {isa = PBXFileReference; lastKnownFileType = sourcecode.swift; path = SmallCardTodo.swift; sourceTree = "<group>"; };
		50B7D73B2785156B0027B0C2 /* TodoVM.swift */ = {isa = PBXFileReference; lastKnownFileType = sourcecode.swift; path = TodoVM.swift; sourceTree = "<group>"; };
		50B7D73E2785159E0027B0C2 /* CoreData.xcdatamodel */ = {isa = PBXFileReference; lastKnownFileType = wrapper.xcdatamodel; path = CoreData.xcdatamodel; sourceTree = "<group>"; };
		50B7D74027851B630027B0C2 /* AddTodoView.swift */ = {isa = PBXFileReference; lastKnownFileType = sourcecode.swift; path = AddTodoView.swift; sourceTree = "<group>"; };
		50B7D74227851B730027B0C2 /* AddIdeasView.swift */ = {isa = PBXFileReference; lastKnownFileType = sourcecode.swift; path = AddIdeasView.swift; sourceTree = "<group>"; };
		50F2DE9E2780EA9B001F990B /* Portfolio.app */ = {isa = PBXFileReference; explicitFileType = wrapper.application; includeInIndex = 0; path = Portfolio.app; sourceTree = BUILT_PRODUCTS_DIR; };
		50F2DEA12780EA9B001F990B /* PortfolioApp.swift */ = {isa = PBXFileReference; lastKnownFileType = sourcecode.swift; path = PortfolioApp.swift; sourceTree = "<group>"; };
		50F2DEA32780EA9B001F990B /* ContentView.swift */ = {isa = PBXFileReference; lastKnownFileType = sourcecode.swift; path = ContentView.swift; sourceTree = "<group>"; };
		50F2DEA52780EAA8001F990B /* Assets.xcassets */ = {isa = PBXFileReference; lastKnownFileType = folder.assetcatalog; path = Assets.xcassets; sourceTree = "<group>"; };
		50F2DEA82780EAA8001F990B /* Preview Assets.xcassets */ = {isa = PBXFileReference; lastKnownFileType = folder.assetcatalog; path = "Preview Assets.xcassets"; sourceTree = "<group>"; };
		50F2DEAF2780EEA2001F990B /* HomeView.swift */ = {isa = PBXFileReference; lastKnownFileType = sourcecode.swift; path = HomeView.swift; sourceTree = "<group>"; };
		50F2DEB22780FB47001F990B /* ButtonView.swift */ = {isa = PBXFileReference; lastKnownFileType = sourcecode.swift; path = ButtonView.swift; sourceTree = "<group>"; };
/* End PBXFileReference section */

/* Begin PBXFrameworksBuildPhase section */
		50F2DE9B2780EA9B001F990B /* Frameworks */ = {
			isa = PBXFrameworksBuildPhase;
			buildActionMask = 2147483647;
			files = (
				500988C82787D03A001E5008 /* SSToastMessage in Frameworks */,
			);
			runOnlyForDeploymentPostprocessing = 0;
		};
/* End PBXFrameworksBuildPhase section */

/* Begin PBXGroup section */
		50F2DE952780EA9B001F990B = {
			isa = PBXGroup;
			children = (
				50F2DEA02780EA9B001F990B /* Portfolio */,
				50F2DE9F2780EA9B001F990B /* Products */,
			);
			sourceTree = "<group>";
		};
		50F2DE9F2780EA9B001F990B /* Products */ = {
			isa = PBXGroup;
			children = (
				50F2DE9E2780EA9B001F990B /* Portfolio.app */,
			);
			name = Products;
			sourceTree = "<group>";
		};
		50F2DEA02780EA9B001F990B /* Portfolio */ = {
			isa = PBXGroup;
			children = (
				50F2DEA12780EA9B001F990B /* PortfolioApp.swift */,
				50F2DEB52780FB9B001F990B /* Views */,
				50F2DEB62780FBA8001F990B /* ViewModel */,
				50F2DEB42780FB88001F990B /* Model */,
				50F2DEB12780F962001F990B /* Components */,
				50F2DEA52780EAA8001F990B /* Assets.xcassets */,
				50B7D73D2785159E0027B0C2 /* CoreData.xcdatamodeld */,
				50F2DEA72780EAA8001F990B /* Preview Content */,
			);
			path = Portfolio;
			sourceTree = "<group>";
		};
		50F2DEA72780EAA8001F990B /* Preview Content */ = {
			isa = PBXGroup;
			children = (
				50F2DEA82780EAA8001F990B /* Preview Assets.xcassets */,
			);
			path = "Preview Content";
			sourceTree = "<group>";
		};
		50F2DEB12780F962001F990B /* Components */ = {
			isa = PBXGroup;
			children = (
				50F2DEB22780FB47001F990B /* ButtonView.swift */,
				50B7D739278399000027B0C2 /* SmallCardTodo.swift */,
				50811A9F2789110B00120935 /* SmallCardIdeas.swift */,
				50811AA12789147C00120935 /* DeletedCard.swift */,
				50811AA32789186D00120935 /* AddedCard.swift */,
			);
			path = Components;
			sourceTree = "<group>";
		};
		50F2DEB42780FB88001F990B /* Model */ = {
			isa = PBXGroup;
			children = (
			);
			path = Model;
			sourceTree = "<group>";
		};
		50F2DEB52780FB9B001F990B /* Views */ = {
			isa = PBXGroup;
			children = (
				50F2DEA32780EA9B001F990B /* ContentView.swift */,
				50F2DEAF2780EEA2001F990B /* HomeView.swift */,
				50B7D74027851B630027B0C2 /* AddTodoView.swift */,
				50B7D74227851B730027B0C2 /* AddIdeasView.swift */,
			);
			path = Views;
			sourceTree = "<group>";
		};
		50F2DEB62780FBA8001F990B /* ViewModel */ = {
			isa = PBXGroup;
			children = (
				50B7D73B2785156B0027B0C2 /* TodoVM.swift */,
			);
			path = ViewModel;
			sourceTree = "<group>";
		};
/* End PBXGroup section */

/* Begin PBXNativeTarget section */
		50F2DE9D2780EA9B001F990B /* Portfolio */ = {
			isa = PBXNativeTarget;
			buildConfigurationList = 50F2DEAC2780EAA8001F990B /* Build configuration list for PBXNativeTarget "Portfolio" */;
			buildPhases = (
				50F2DE9A2780EA9B001F990B /* Sources */,
				50F2DE9B2780EA9B001F990B /* Frameworks */,
				50F2DE9C2780EA9B001F990B /* Resources */,
			);
			buildRules = (
			);
			dependencies = (
			);
			name = Portfolio;
			packageProductDependencies = (
				500988C72787D03A001E5008 /* SSToastMessage */,
			);
			productName = Portfolio;
			productReference = 50F2DE9E2780EA9B001F990B /* Portfolio.app */;
			productType = "com.apple.product-type.application";
		};
/* End PBXNativeTarget section */

/* Begin PBXProject section */
		50F2DE962780EA9B001F990B /* Project object */ = {
			isa = PBXProject;
			attributes = {
				BuildIndependentTargetsInParallel = 1;
				LastSwiftUpdateCheck = 1310;
				LastUpgradeCheck = 1310;
				TargetAttributes = {
					50F2DE9D2780EA9B001F990B = {
						CreatedOnToolsVersion = 13.1;
					};
				};
			};
			buildConfigurationList = 50F2DE992780EA9B001F990B /* Build configuration list for PBXProject "Portfolio" */;
			compatibilityVersion = "Xcode 13.0";
			developmentRegion = en;
			hasScannedForEncodings = 0;
			knownRegions = (
				en,
				Base,
			);
			mainGroup = 50F2DE952780EA9B001F990B;
			packageReferences = (
				500988C62787D02F001E5008 /* XCRemoteSwiftPackageReference "SSToastMessage" */,
			);
			productRefGroup = 50F2DE9F2780EA9B001F990B /* Products */;
			projectDirPath = "";
			projectRoot = "";
			targets = (
				50F2DE9D2780EA9B001F990B /* Portfolio */,
			);
		};
/* End PBXProject section */

/* Begin PBXResourcesBuildPhase section */
		50F2DE9C2780EA9B001F990B /* Resources */ = {
			isa = PBXResourcesBuildPhase;
			buildActionMask = 2147483647;
			files = (
				50F2DEA92780EAA8001F990B /* Preview Assets.xcassets in Resources */,
				50F2DEA62780EAA8001F990B /* Assets.xcassets in Resources */,
			);
			runOnlyForDeploymentPostprocessing = 0;
		};
/* End PBXResourcesBuildPhase section */

/* Begin PBXSourcesBuildPhase section */
		50F2DE9A2780EA9B001F990B /* Sources */ = {
			isa = PBXSourcesBuildPhase;
			buildActionMask = 2147483647;
			files = (
				50F2DEB02780EEA2001F990B /* HomeView.swift in Sources */,
				50F2DEA42780EA9B001F990B /* ContentView.swift in Sources */,
				50811AA02789110B00120935 /* SmallCardIdeas.swift in Sources */,
				50811AA42789186D00120935 /* AddedCard.swift in Sources */,
				50B7D73C2785156C0027B0C2 /* TodoVM.swift in Sources */,
				50F2DEB32780FB47001F990B /* ButtonView.swift in Sources */,
				50F2DEA22780EA9B001F990B /* PortfolioApp.swift in Sources */,
				50811AA22789147C00120935 /* DeletedCard.swift in Sources */,
				50B7D73A278399000027B0C2 /* SmallCardTodo.swift in Sources */,
				50B7D74327851B730027B0C2 /* AddIdeasView.swift in Sources */,
				50B7D74127851B630027B0C2 /* AddTodoView.swift in Sources */,
				50B7D73F2785159F0027B0C2 /* CoreData.xcdatamodeld in Sources */,
			);
			runOnlyForDeploymentPostprocessing = 0;
		};
/* End PBXSourcesBuildPhase section */

/* Begin XCBuildConfiguration section */
		50F2DEAA2780EAA8001F990B /* Debug */ = {
			isa = XCBuildConfiguration;
			buildSettings = {
				ALWAYS_SEARCH_USER_PATHS = NO;
				CLANG_ANALYZER_NONNULL = YES;
				CLANG_ANALYZER_NUMBER_OBJECT_CONVERSION = YES_AGGRESSIVE;
				CLANG_CXX_LANGUAGE_STANDARD = "gnu++17";
				CLANG_CXX_LIBRARY = "libc++";
				CLANG_ENABLE_MODULES = YES;
				CLANG_ENABLE_OBJC_ARC = YES;
				CLANG_ENABLE_OBJC_WEAK = YES;
				CLANG_WARN_BLOCK_CAPTURE_AUTORELEASING = YES;
				CLANG_WARN_BOOL_CONVERSION = YES;
				CLANG_WARN_COMMA = YES;
				CLANG_WARN_CONSTANT_CONVERSION = YES;
				CLANG_WARN_DEPRECATED_OBJC_IMPLEMENTATIONS = YES;
				CLANG_WARN_DIRECT_OBJC_ISA_USAGE = YES_ERROR;
				CLANG_WARN_DOCUMENTATION_COMMENTS = YES;
				CLANG_WARN_EMPTY_BODY = YES;
				CLANG_WARN_ENUM_CONVERSION = YES;
				CLANG_WARN_INFINITE_RECURSION = YES;
				CLANG_WARN_INT_CONVERSION = YES;
				CLANG_WARN_NON_LITERAL_NULL_CONVERSION = YES;
				CLANG_WARN_OBJC_IMPLICIT_RETAIN_SELF = YES;
				CLANG_WARN_OBJC_LITERAL_CONVERSION = YES;
				CLANG_WARN_OBJC_ROOT_CLASS = YES_ERROR;
				CLANG_WARN_QUOTED_INCLUDE_IN_FRAMEWORK_HEADER = YES;
				CLANG_WARN_RANGE_LOOP_ANALYSIS = YES;
				CLANG_WARN_STRICT_PROTOTYPES = YES;
				CLANG_WARN_SUSPICIOUS_MOVE = YES;
				CLANG_WARN_UNGUARDED_AVAILABILITY = YES_AGGRESSIVE;
				CLANG_WARN_UNREACHABLE_CODE = YES;
				CLANG_WARN__DUPLICATE_METHOD_MATCH = YES;
				COPY_PHASE_STRIP = NO;
				DEBUG_INFORMATION_FORMAT = dwarf;
				ENABLE_STRICT_OBJC_MSGSEND = YES;
				ENABLE_TESTABILITY = YES;
				GCC_C_LANGUAGE_STANDARD = gnu11;
				GCC_DYNAMIC_NO_PIC = NO;
				GCC_NO_COMMON_BLOCKS = YES;
				GCC_OPTIMIZATION_LEVEL = 0;
				GCC_PREPROCESSOR_DEFINITIONS = (
					"DEBUG=1",
					"$(inherited)",
				);
				GCC_WARN_64_TO_32_BIT_CONVERSION = YES;
				GCC_WARN_ABOUT_RETURN_TYPE = YES_ERROR;
				GCC_WARN_UNDECLARED_SELECTOR = YES;
				GCC_WARN_UNINITIALIZED_AUTOS = YES_AGGRESSIVE;
				GCC_WARN_UNUSED_FUNCTION = YES;
				GCC_WARN_UNUSED_VARIABLE = YES;
				IPHONEOS_DEPLOYMENT_TARGET = 15.0;
				MTL_ENABLE_DEBUG_INFO = INCLUDE_SOURCE;
				MTL_FAST_MATH = YES;
				ONLY_ACTIVE_ARCH = YES;
				SDKROOT = iphoneos;
				SWIFT_ACTIVE_COMPILATION_CONDITIONS = DEBUG;
				SWIFT_OPTIMIZATION_LEVEL = "-Onone";
			};
			name = Debug;
		};
		50F2DEAB2780EAA8001F990B /* Release */ = {
			isa = XCBuildConfiguration;
			buildSettings = {
				ALWAYS_SEARCH_USER_PATHS = NO;
				CLANG_ANALYZER_NONNULL = YES;
				CLANG_ANALYZER_NUMBER_OBJECT_CONVERSION = YES_AGGRESSIVE;
				CLANG_CXX_LANGUAGE_STANDARD = "gnu++17";
				CLANG_CXX_LIBRARY = "libc++";
				CLANG_ENABLE_MODULES = YES;
				CLANG_ENABLE_OBJC_ARC = YES;
				CLANG_ENABLE_OBJC_WEAK = YES;
				CLANG_WARN_BLOCK_CAPTURE_AUTORELEASING = YES;
				CLANG_WARN_BOOL_CONVERSION = YES;
				CLANG_WARN_COMMA = YES;
				CLANG_WARN_CONSTANT_CONVERSION = YES;
				CLANG_WARN_DEPRECATED_OBJC_IMPLEMENTATIONS = YES;
				CLANG_WARN_DIRECT_OBJC_ISA_USAGE = YES_ERROR;
				CLANG_WARN_DOCUMENTATION_COMMENTS = YES;
				CLANG_WARN_EMPTY_BODY = YES;
				CLANG_WARN_ENUM_CONVERSION = YES;
				CLANG_WARN_INFINITE_RECURSION = YES;
				CLANG_WARN_INT_CONVERSION = YES;
				CLANG_WARN_NON_LITERAL_NULL_CONVERSION = YES;
				CLANG_WARN_OBJC_IMPLICIT_RETAIN_SELF = YES;
				CLANG_WARN_OBJC_LITERAL_CONVERSION = YES;
				CLANG_WARN_OBJC_ROOT_CLASS = YES_ERROR;
				CLANG_WARN_QUOTED_INCLUDE_IN_FRAMEWORK_HEADER = YES;
				CLANG_WARN_RANGE_LOOP_ANALYSIS = YES;
				CLANG_WARN_STRICT_PROTOTYPES = YES;
				CLANG_WARN_SUSPICIOUS_MOVE = YES;
				CLANG_WARN_UNGUARDED_AVAILABILITY = YES_AGGRESSIVE;
				CLANG_WARN_UNREACHABLE_CODE = YES;
				CLANG_WARN__DUPLICATE_METHOD_MATCH = YES;
				COPY_PHASE_STRIP = NO;
				DEBUG_INFORMATION_FORMAT = "dwarf-with-dsym";
				ENABLE_NS_ASSERTIONS = NO;
				ENABLE_STRICT_OBJC_MSGSEND = YES;
				GCC_C_LANGUAGE_STANDARD = gnu11;
				GCC_NO_COMMON_BLOCKS = YES;
				GCC_WARN_64_TO_32_BIT_CONVERSION = YES;
				GCC_WARN_ABOUT_RETURN_TYPE = YES_ERROR;
				GCC_WARN_UNDECLARED_SELECTOR = YES;
				GCC_WARN_UNINITIALIZED_AUTOS = YES_AGGRESSIVE;
				GCC_WARN_UNUSED_FUNCTION = YES;
				GCC_WARN_UNUSED_VARIABLE = YES;
				IPHONEOS_DEPLOYMENT_TARGET = 15.0;
				MTL_ENABLE_DEBUG_INFO = NO;
				MTL_FAST_MATH = YES;
				SDKROOT = iphoneos;
				SWIFT_COMPILATION_MODE = wholemodule;
				SWIFT_OPTIMIZATION_LEVEL = "-O";
				VALIDATE_PRODUCT = YES;
			};
			name = Release;
		};
		50F2DEAD2780EAA8001F990B /* Debug */ = {
			isa = XCBuildConfiguration;
			buildSettings = {
				ASSETCATALOG_COMPILER_APPICON_NAME = AppIcon;
				ASSETCATALOG_COMPILER_GLOBAL_ACCENT_COLOR_NAME = AccentColor;
				CODE_SIGN_STYLE = Automatic;
				CURRENT_PROJECT_VERSION = 1;
				DEVELOPMENT_ASSET_PATHS = "\"Portfolio/Preview Content\"";
				DEVELOPMENT_TEAM = 3SV5BSZRYS;
				ENABLE_PREVIEWS = YES;
				GENERATE_INFOPLIST_FILE = YES;
				INFOPLIST_KEY_UIApplicationSceneManifest_Generation = YES;
				INFOPLIST_KEY_UIApplicationSupportsIndirectInputEvents = YES;
				INFOPLIST_KEY_UILaunchScreen_Generation = YES;
				INFOPLIST_KEY_UISupportedInterfaceOrientations_iPad = "UIInterfaceOrientationPortrait UIInterfaceOrientationPortraitUpsideDown UIInterfaceOrientationLandscapeLeft UIInterfaceOrientationLandscapeRight";
				INFOPLIST_KEY_UISupportedInterfaceOrientations_iPhone = "UIInterfaceOrientationPortrait UIInterfaceOrientationLandscapeLeft UIInterfaceOrientationLandscapeRight";
				LD_RUNPATH_SEARCH_PATHS = (
					"$(inherited)",
					"@executable_path/Frameworks",
				);
				MARKETING_VERSION = 1.0;
				PRODUCT_BUNDLE_IDENTIFIER = "Segun-Awe.Portfolio";
				PRODUCT_NAME = "$(TARGET_NAME)";
				SWIFT_EMIT_LOC_STRINGS = YES;
				SWIFT_VERSION = 5.0;
				TARGETED_DEVICE_FAMILY = "1,2";
			};
			name = Debug;
		};
		50F2DEAE2780EAA8001F990B /* Release */ = {
			isa = XCBuildConfiguration;
			buildSettings = {
				ASSETCATALOG_COMPILER_APPICON_NAME = AppIcon;
				ASSETCATALOG_COMPILER_GLOBAL_ACCENT_COLOR_NAME = AccentColor;
				CODE_SIGN_STYLE = Automatic;
				CURRENT_PROJECT_VERSION = 1;
				DEVELOPMENT_ASSET_PATHS = "\"Portfolio/Preview Content\"";
				DEVELOPMENT_TEAM = 3SV5BSZRYS;
				ENABLE_PREVIEWS = YES;
				GENERATE_INFOPLIST_FILE = YES;
				INFOPLIST_KEY_UIApplicationSceneManifest_Generation = YES;
				INFOPLIST_KEY_UIApplicationSupportsIndirectInputEvents = YES;
				INFOPLIST_KEY_UILaunchScreen_Generation = YES;
				INFOPLIST_KEY_UISupportedInterfaceOrientations_iPad = "UIInterfaceOrientationPortrait UIInterfaceOrientationPortraitUpsideDown UIInterfaceOrientationLandscapeLeft UIInterfaceOrientationLandscapeRight";
				INFOPLIST_KEY_UISupportedInterfaceOrientations_iPhone = "UIInterfaceOrientationPortrait UIInterfaceOrientationLandscapeLeft UIInterfaceOrientationLandscapeRight";
				LD_RUNPATH_SEARCH_PATHS = (
					"$(inherited)",
					"@executable_path/Frameworks",
				);
				MARKETING_VERSION = 1.0;
				PRODUCT_BUNDLE_IDENTIFIER = "Segun-Awe.Portfolio";
				PRODUCT_NAME = "$(TARGET_NAME)";
				SWIFT_EMIT_LOC_STRINGS = YES;
				SWIFT_VERSION = 5.0;
				TARGETED_DEVICE_FAMILY = "1,2";
			};
			name = Release;
		};
/* End XCBuildConfiguration section */

/* Begin XCConfigurationList section */
		50F2DE992780EA9B001F990B /* Build configuration list for PBXProject "Portfolio" */ = {
			isa = XCConfigurationList;
			buildConfigurations = (
				50F2DEAA2780EAA8001F990B /* Debug */,
				50F2DEAB2780EAA8001F990B /* Release */,
			);
			defaultConfigurationIsVisible = 0;
			defaultConfigurationName = Release;
		};
		50F2DEAC2780EAA8001F990B /* Build configuration list for PBXNativeTarget "Portfolio" */ = {
			isa = XCConfigurationList;
			buildConfigurations = (
				50F2DEAD2780EAA8001F990B /* Debug */,
				50F2DEAE2780EAA8001F990B /* Release */,
			);
			defaultConfigurationIsVisible = 0;
			defaultConfigurationName = Release;
		};
/* End XCConfigurationList section */

/* Begin XCRemoteSwiftPackageReference section */
		500988C62787D02F001E5008 /* XCRemoteSwiftPackageReference "SSToastMessage" */ = {
			isa = XCRemoteSwiftPackageReference;
			repositoryURL = "https://github.com/SimformSolutionsPvtLtd/SSToastMessage";
			requirement = {
				kind = upToNextMajorVersion;
				minimumVersion = 1.0.0;
			};
		};
/* End XCRemoteSwiftPackageReference section */

/* Begin XCSwiftPackageProductDependency section */
		500988C72787D03A001E5008 /* SSToastMessage */ = {
			isa = XCSwiftPackageProductDependency;
			package = 500988C62787D02F001E5008 /* XCRemoteSwiftPackageReference "SSToastMessage" */;
			productName = SSToastMessage;
		};
/* End XCSwiftPackageProductDependency section */

/* Begin XCVersionGroup section */
		50B7D73D2785159E0027B0C2 /* CoreData.xcdatamodeld */ = {
			isa = XCVersionGroup;
			children = (
				50B7D73E2785159E0027B0C2 /* CoreData.xcdatamodel */,
			);
			currentVersion = 50B7D73E2785159E0027B0C2 /* CoreData.xcdatamodel */;
			path = CoreData.xcdatamodeld;
			sourceTree = "<group>";
			versionGroupType = wrapper.xcdatamodel;
		};
/* End XCVersionGroup section */
	};
	rootObject = 50F2DE962780EA9B001F990B /* Project object */;
}
